// !$*UTF8*$!
{
	archiveVersion = 1;
	classes = {
	};
	objectVersion = 56;
	objects = {

/* Begin PBXBuildFile section */
		01D8ADCC2A78A93E00F35202 /* AppDelegate.m in Sources */ = {isa = PBXBuildFile; fileRef = 01D8ADCB2A78A93E00F35202 /* AppDelegate.m */; };
		01D8ADCF2A78A93E00F35202 /* SceneDelegate.m in Sources */ = {isa = PBXBuildFile; fileRef = 01D8ADCE2A78A93E00F35202 /* SceneDelegate.m */; };
		01D8ADD22A78A93E00F35202 /* ViewController.m in Sources */ = {isa = PBXBuildFile; fileRef = 01D8ADD12A78A93E00F35202 /* ViewController.m */; };
		01D8ADD52A78A93E00F35202 /* Main.storyboard in Resources */ = {isa = PBXBuildFile; fileRef = 01D8ADD32A78A93E00F35202 /* Main.storyboard */; };
		01D8ADD72A78A94000F35202 /* Assets.xcassets in Resources */ = {isa = PBXBuildFile; fileRef = 01D8ADD62A78A94000F35202 /* Assets.xcassets */; };
		01D8ADDA2A78A94000F35202 /* LaunchScreen.storyboard in Resources */ = {isa = PBXBuildFile; fileRef = 01D8ADD82A78A94000F35202 /* LaunchScreen.storyboard */; };
		01D8ADDD2A78A94000F35202 /* main.m in Sources */ = {isa = PBXBuildFile; fileRef = 01D8ADDC2A78A94000F35202 /* main.m */; };
		01D8ADEF2A78A9E900F35202 /* BANetManagerCache.m in Sources */ = {isa = PBXBuildFile; fileRef = 01D8ADE52A78A9E900F35202 /* BANetManagerCache.m */; };
		01D8ADF12A78A9E900F35202 /* BANetManager.m in Sources */ = {isa = PBXBuildFile; fileRef = 01D8ADE72A78A9E900F35202 /* BANetManager.m */; };
		01D8ADF22A78A9E900F35202 /* UIImage+CompressImage.m in Sources */ = {isa = PBXBuildFile; fileRef = 01D8ADE82A78A9E900F35202 /* UIImage+CompressImage.m */; };
		01D8ADF32A78A9E900F35202 /* BADataEntity.m in Sources */ = {isa = PBXBuildFile; fileRef = 01D8ADEA2A78A9E900F35202 /* BADataEntity.m */; };
		635E77CFF7BA4F196F8E279C /* Pods_PNNetManager.framework in Frameworks */ = {isa = PBXBuildFile; fileRef = 2D8EACE6708D56A536247882 /* Pods_PNNetManager.framework */; };
/* End PBXBuildFile section */

/* Begin PBXFileReference section */
		01D8ADC72A78A93E00F35202 /* PNNetManager.app */ = {isa = PBXFileReference; explicitFileType = wrapper.application; includeInIndex = 0; path = PNNetManager.app; sourceTree = BUILT_PRODUCTS_DIR; };
		01D8ADCA2A78A93E00F35202 /* AppDelegate.h */ = {isa = PBXFileReference; lastKnownFileType = sourcecode.c.h; path = AppDelegate.h; sourceTree = "<group>"; };
		01D8ADCB2A78A93E00F35202 /* AppDelegate.m */ = {isa = PBXFileReference; lastKnownFileType = sourcecode.c.objc; path = AppDelegate.m; sourceTree = "<group>"; };
		01D8ADCD2A78A93E00F35202 /* SceneDelegate.h */ = {isa = PBXFileReference; lastKnownFileType = sourcecode.c.h; path = SceneDelegate.h; sourceTree = "<group>"; };
		01D8ADCE2A78A93E00F35202 /* SceneDelegate.m */ = {isa = PBXFileReference; lastKnownFileType = sourcecode.c.objc; path = SceneDelegate.m; sourceTree = "<group>"; };
		01D8ADD02A78A93E00F35202 /* ViewController.h */ = {isa = PBXFileReference; lastKnownFileType = sourcecode.c.h; path = ViewController.h; sourceTree = "<group>"; };
		01D8ADD12A78A93E00F35202 /* ViewController.m */ = {isa = PBXFileReference; lastKnownFileType = sourcecode.c.objc; path = ViewController.m; sourceTree = "<group>"; };
		01D8ADD42A78A93E00F35202 /* Base */ = {isa = PBXFileReference; lastKnownFileType = file.storyboard; name = Base; path = Base.lproj/Main.storyboard; sourceTree = "<group>"; };
		01D8ADD62A78A94000F35202 /* Assets.xcassets */ = {isa = PBXFileReference; lastKnownFileType = folder.assetcatalog; path = Assets.xcassets; sourceTree = "<group>"; };
		01D8ADD92A78A94000F35202 /* Base */ = {isa = PBXFileReference; lastKnownFileType = file.storyboard; name = Base; path = Base.lproj/LaunchScreen.storyboard; sourceTree = "<group>"; };
		01D8ADDB2A78A94000F35202 /* Info.plist */ = {isa = PBXFileReference; lastKnownFileType = text.plist.xml; path = Info.plist; sourceTree = "<group>"; };
		01D8ADDC2A78A94000F35202 /* main.m */ = {isa = PBXFileReference; lastKnownFileType = sourcecode.c.objc; path = main.m; sourceTree = "<group>"; };
		01D8ADE42A78A9E900F35202 /* BADataEntity.h */ = {isa = PBXFileReference; fileEncoding = 4; lastKnownFileType = sourcecode.c.h; path = BADataEntity.h; sourceTree = "<group>"; };
		01D8ADE52A78A9E900F35202 /* BANetManagerCache.m */ = {isa = PBXFileReference; fileEncoding = 4; lastKnownFileType = sourcecode.c.objc; path = BANetManagerCache.m; sourceTree = "<group>"; };
		01D8ADE72A78A9E900F35202 /* BANetManager.m */ = {isa = PBXFileReference; fileEncoding = 4; lastKnownFileType = sourcecode.c.objc; path = BANetManager.m; sourceTree = "<group>"; };
		01D8ADE82A78A9E900F35202 /* UIImage+CompressImage.m */ = {isa = PBXFileReference; fileEncoding = 4; lastKnownFileType = sourcecode.c.objc; path = "UIImage+CompressImage.m"; sourceTree = "<group>"; };
		01D8ADE92A78A9E900F35202 /* BANetManager_Version.h */ = {isa = PBXFileReference; fileEncoding = 4; lastKnownFileType = sourcecode.c.h; path = BANetManager_Version.h; sourceTree = "<group>"; };
		01D8ADEA2A78A9E900F35202 /* BADataEntity.m */ = {isa = PBXFileReference; fileEncoding = 4; lastKnownFileType = sourcecode.c.objc; path = BADataEntity.m; sourceTree = "<group>"; };
		01D8ADEB2A78A9E900F35202 /* BANetManagerCache.h */ = {isa = PBXFileReference; fileEncoding = 4; lastKnownFileType = sourcecode.c.h; path = BANetManagerCache.h; sourceTree = "<group>"; };
		01D8ADEC2A78A9E900F35202 /* UIImage+CompressImage.h */ = {isa = PBXFileReference; fileEncoding = 4; lastKnownFileType = sourcecode.c.h; path = "UIImage+CompressImage.h"; sourceTree = "<group>"; };
		01D8ADED2A78A9E900F35202 /* BANetManager.h */ = {isa = PBXFileReference; fileEncoding = 4; lastKnownFileType = sourcecode.c.h; path = BANetManager.h; sourceTree = "<group>"; };
		01D8ADEE2A78A9E900F35202 /* BANetManager_OC.h */ = {isa = PBXFileReference; fileEncoding = 4; lastKnownFileType = sourcecode.c.h; path = BANetManager_OC.h; sourceTree = "<group>"; };
		13CE948CA45F1216784F1B75 /* Pods-PNNetManager.debug.xcconfig */ = {isa = PBXFileReference; includeInIndex = 1; lastKnownFileType = text.xcconfig; name = "Pods-PNNetManager.debug.xcconfig"; path = "Target Support Files/Pods-PNNetManager/Pods-PNNetManager.debug.xcconfig"; sourceTree = "<group>"; };
		24365F8024E5EAA67674CEB8 /* Pods-PNNetManager.release.xcconfig */ = {isa = PBXFileReference; includeInIndex = 1; lastKnownFileType = text.xcconfig; name = "Pods-PNNetManager.release.xcconfig"; path = "Target Support Files/Pods-PNNetManager/Pods-PNNetManager.release.xcconfig"; sourceTree = "<group>"; };
		2D8EACE6708D56A536247882 /* Pods_PNNetManager.framework */ = {isa = PBXFileReference; explicitFileType = wrapper.framework; includeInIndex = 0; path = Pods_PNNetManager.framework; sourceTree = BUILT_PRODUCTS_DIR; };
/* End PBXFileReference section */

/* Begin PBXFrameworksBuildPhase section */
		01D8ADC42A78A93E00F35202 /* Frameworks */ = {
			isa = PBXFrameworksBuildPhase;
			buildActionMask = 2147483647;
			files = (
				635E77CFF7BA4F196F8E279C /* Pods_PNNetManager.framework in Frameworks */,
			);
			runOnlyForDeploymentPostprocessing = 0;
		};
/* End PBXFrameworksBuildPhase section */

/* Begin PBXGroup section */
		01D8ADBE2A78A93E00F35202 = {
			isa = PBXGroup;
			children = (
				01D8ADC92A78A93E00F35202 /* PNNetManager */,
				01D8ADC82A78A93E00F35202 /* Products */,
				315251214232047C06445F7E /* Pods */,
				1B19D5E2D989E8972A3D5353 /* Frameworks */,
			);
			sourceTree = "<group>";
		};
		01D8ADC82A78A93E00F35202 /* Products */ = {
			isa = PBXGroup;
			children = (
				01D8ADC72A78A93E00F35202 /* PNNetManager.app */,
			);
			name = Products;
			sourceTree = "<group>";
		};
		01D8ADC92A78A93E00F35202 /* PNNetManager */ = {
			isa = PBXGroup;
			children = (
				01D8ADE32A78A9E900F35202 /* Classes */,
				01D8ADCA2A78A93E00F35202 /* AppDelegate.h */,
				01D8ADCB2A78A93E00F35202 /* AppDelegate.m */,
				01D8ADCD2A78A93E00F35202 /* SceneDelegate.h */,
				01D8ADCE2A78A93E00F35202 /* SceneDelegate.m */,
				01D8ADD02A78A93E00F35202 /* ViewController.h */,
				01D8ADD12A78A93E00F35202 /* ViewController.m */,
				01D8ADD32A78A93E00F35202 /* Main.storyboard */,
				01D8ADD62A78A94000F35202 /* Assets.xcassets */,
				01D8ADD82A78A94000F35202 /* LaunchScreen.storyboard */,
				01D8ADDB2A78A94000F35202 /* Info.plist */,
				01D8ADDC2A78A94000F35202 /* main.m */,
			);
			path = PNNetManager;
			sourceTree = "<group>";
		};
		01D8ADE32A78A9E900F35202 /* Classes */ = {
			isa = PBXGroup;
			children = (
				01D8ADE42A78A9E900F35202 /* BADataEntity.h */,
				01D8ADEA2A78A9E900F35202 /* BADataEntity.m */,
				01D8ADEE2A78A9E900F35202 /* BANetManager_OC.h */,
				01D8ADE92A78A9E900F35202 /* BANetManager_Version.h */,
				01D8ADED2A78A9E900F35202 /* BANetManager.h */,
				01D8ADE72A78A9E900F35202 /* BANetManager.m */,
				01D8ADEB2A78A9E900F35202 /* BANetManagerCache.h */,
				01D8ADE52A78A9E900F35202 /* BANetManagerCache.m */,
				01D8ADEC2A78A9E900F35202 /* UIImage+CompressImage.h */,
				01D8ADE82A78A9E900F35202 /* UIImage+CompressImage.m */,
			);
			path = Classes;
			sourceTree = "<group>";
		};
		1B19D5E2D989E8972A3D5353 /* Frameworks */ = {
			isa = PBXGroup;
			children = (
				2D8EACE6708D56A536247882 /* Pods_PNNetManager.framework */,
			);
			name = Frameworks;
			sourceTree = "<group>";
		};
		315251214232047C06445F7E /* Pods */ = {
			isa = PBXGroup;
			children = (
				13CE948CA45F1216784F1B75 /* Pods-PNNetManager.debug.xcconfig */,
				24365F8024E5EAA67674CEB8 /* Pods-PNNetManager.release.xcconfig */,
			);
			path = Pods;
			sourceTree = "<group>";
		};
/* End PBXGroup section */

/* Begin PBXNativeTarget section */
		01D8ADC62A78A93E00F35202 /* PNNetManager */ = {
			isa = PBXNativeTarget;
			buildConfigurationList = 01D8ADE02A78A94000F35202 /* Build configuration list for PBXNativeTarget "PNNetManager" */;
			buildPhases = (
				E9C3C129EAB7A02DB97F79D4 /* [CP] Check Pods Manifest.lock */,
				01D8ADC32A78A93E00F35202 /* Sources */,
				01D8ADC42A78A93E00F35202 /* Frameworks */,
				01D8ADC52A78A93E00F35202 /* Resources */,
				03AEADFD11BFADEA60E61380 /* [CP] Embed Pods Frameworks */,
			);
			buildRules = (
			);
			dependencies = (
			);
			name = PNNetManager;
			productName = PNNetManager;
			productReference = 01D8ADC72A78A93E00F35202 /* PNNetManager.app */;
			productType = "com.apple.product-type.application";
		};
/* End PBXNativeTarget section */

/* Begin PBXProject section */
		01D8ADBF2A78A93E00F35202 /* Project object */ = {
			isa = PBXProject;
			attributes = {
				BuildIndependentTargetsInParallel = 1;
				LastUpgradeCheck = 1430;
				TargetAttributes = {
					01D8ADC62A78A93E00F35202 = {
						CreatedOnToolsVersion = 14.3;
					};
				};
			};
			buildConfigurationList = 01D8ADC22A78A93E00F35202 /* Build configuration list for PBXProject "PNNetManager" */;
			compatibilityVersion = "Xcode 14.0";
			developmentRegion = en;
			hasScannedForEncodings = 0;
			knownRegions = (
				en,
				Base,
			);
			mainGroup = 01D8ADBE2A78A93E00F35202;
			productRefGroup = 01D8ADC82A78A93E00F35202 /* Products */;
			projectDirPath = "";
			projectRoot = "";
			targets = (
				01D8ADC62A78A93E00F35202 /* PNNetManager */,
			);
		};
/* End PBXProject section */

/* Begin PBXResourcesBuildPhase section */
		01D8ADC52A78A93E00F35202 /* Resources */ = {
			isa = PBXResourcesBuildPhase;
			buildActionMask = 2147483647;
			files = (
				01D8ADDA2A78A94000F35202 /* LaunchScreen.storyboard in Resources */,
				01D8ADD72A78A94000F35202 /* Assets.xcassets in Resources */,
				01D8ADD52A78A93E00F35202 /* Main.storyboard in Resources */,
			);
			runOnlyForDeploymentPostprocessing = 0;
		};
/* End PBXResourcesBuildPhase section */

/* Begin PBXShellScriptBuildPhase section */
		03AEADFD11BFADEA60E61380 /* [CP] Embed Pods Frameworks */ = {
			isa = PBXShellScriptBuildPhase;
			buildActionMask = 2147483647;
			files = (
			);
			inputFileListPaths = (
				"${PODS_ROOT}/Target Support Files/Pods-PNNetManager/Pods-PNNetManager-frameworks-${CONFIGURATION}-input-files.xcfilelist",
			);
			name = "[CP] Embed Pods Frameworks";
			outputFileListPaths = (
				"${PODS_ROOT}/Target Support Files/Pods-PNNetManager/Pods-PNNetManager-frameworks-${CONFIGURATION}-output-files.xcfilelist",
			);
			runOnlyForDeploymentPostprocessing = 0;
			shellPath = /bin/sh;
			shellScript = "\"${PODS_ROOT}/Target Support Files/Pods-PNNetManager/Pods-PNNetManager-frameworks.sh\"\n";
			showEnvVarsInLog = 0;
		};
		E9C3C129EAB7A02DB97F79D4 /* [CP] Check Pods Manifest.lock */ = {
			isa = PBXShellScriptBuildPhase;
			buildActionMask = 2147483647;
			files = (
			);
			inputFileListPaths = (
			);
			inputPaths = (
				"${PODS_PODFILE_DIR_PATH}/Podfile.lock",
				"${PODS_ROOT}/Manifest.lock",
			);
			name = "[CP] Check Pods Manifest.lock";
			outputFileListPaths = (
			);
			outputPaths = (
				"$(DERIVED_FILE_DIR)/Pods-PNNetManager-checkManifestLockResult.txt",
			);
			runOnlyForDeploymentPostprocessing = 0;
			shellPath = /bin/sh;
			shellScript = "diff \"${PODS_PODFILE_DIR_PATH}/Podfile.lock\" \"${PODS_ROOT}/Manifest.lock\" > /dev/null\nif [ $? != 0 ] ; then\n    # print error to STDERR\n    echo \"error: The sandbox is not in sync with the Podfile.lock. Run 'pod install' or update your CocoaPods installation.\" >&2\n    exit 1\nfi\n# This output is used by Xcode 'outputs' to avoid re-running this script phase.\necho \"SUCCESS\" > \"${SCRIPT_OUTPUT_FILE_0}\"\n";
			showEnvVarsInLog = 0;
		};
/* End PBXShellScriptBuildPhase section */

/* Begin PBXSourcesBuildPhase section */
		01D8ADC32A78A93E00F35202 /* Sources */ = {
			isa = PBXSourcesBuildPhase;
			buildActionMask = 2147483647;
			files = (
				01D8ADD22A78A93E00F35202 /* ViewController.m in Sources */,
				01D8ADCC2A78A93E00F35202 /* AppDelegate.m in Sources */,
				01D8ADDD2A78A94000F35202 /* main.m in Sources */,
				01D8ADF32A78A9E900F35202 /* BADataEntity.m in Sources */,
				01D8ADEF2A78A9E900F35202 /* BANetManagerCache.m in Sources */,
				01D8ADF22A78A9E900F35202 /* UIImage+CompressImage.m in Sources */,
				01D8ADF12A78A9E900F35202 /* BANetManager.m in Sources */,
				01D8ADCF2A78A93E00F35202 /* SceneDelegate.m in Sources */,
			);
			runOnlyForDeploymentPostprocessing = 0;
		};
/* End PBXSourcesBuildPhase section */

/* Begin PBXVariantGroup section */
		01D8ADD32A78A93E00F35202 /* Main.storyboard */ = {
			isa = PBXVariantGroup;
			children = (
				01D8ADD42A78A93E00F35202 /* Base */,
			);
			name = Main.storyboard;
			sourceTree = "<group>";
		};
		01D8ADD82A78A94000F35202 /* LaunchScreen.storyboard */ = {
			isa = PBXVariantGroup;
			children = (
				01D8ADD92A78A94000F35202 /* Base */,
			);
			name = LaunchScreen.storyboard;
			sourceTree = "<group>";
		};
/* End PBXVariantGroup section */

/* Begin XCBuildConfiguration section */
		01D8ADDE2A78A94000F35202 /* Debug */ = {
			isa = XCBuildConfiguration;
			buildSettings = {
				ALWAYS_SEARCH_USER_PATHS = NO;
				CLANG_ANALYZER_NONNULL = YES;
				CLANG_ANALYZER_NUMBER_OBJECT_CONVERSION = YES_AGGRESSIVE;
				CLANG_CXX_LANGUAGE_STANDARD = "gnu++20";
				CLANG_ENABLE_MODULES = YES;
				CLANG_ENABLE_OBJC_ARC = YES;
				CLANG_ENABLE_OBJC_WEAK = YES;
				CLANG_WARN_BLOCK_CAPTURE_AUTORELEASING = YES;
				CLANG_WARN_BOOL_CONVERSION = YES;
				CLANG_WARN_COMMA = YES;
				CLANG_WARN_CONSTANT_CONVERSION = YES;
				CLANG_WARN_DEPRECATED_OBJC_IMPLEMENTATIONS = YES;
				CLANG_WARN_DIRECT_OBJC_ISA_USAGE = YES_ERROR;
				CLANG_WARN_DOCUMENTATION_COMMENTS = YES;
				CLANG_WARN_EMPTY_BODY = YES;
				CLANG_WARN_ENUM_CONVERSION = YES;
				CLANG_WARN_INFINITE_RECURSION = YES;
				CLANG_WARN_INT_CONVERSION = YES;
				CLANG_WARN_NON_LITERAL_NULL_CONVERSION = YES;
				CLANG_WARN_OBJC_IMPLICIT_RETAIN_SELF = YES;
				CLANG_WARN_OBJC_LITERAL_CONVERSION = YES;
				CLANG_WARN_OBJC_ROOT_CLASS = YES_ERROR;
				CLANG_WARN_QUOTED_INCLUDE_IN_FRAMEWORK_HEADER = YES;
				CLANG_WARN_RANGE_LOOP_ANALYSIS = YES;
				CLANG_WARN_STRICT_PROTOTYPES = YES;
				CLANG_WARN_SUSPICIOUS_MOVE = YES;
				CLANG_WARN_UNGUARDED_AVAILABILITY = YES_AGGRESSIVE;
				CLANG_WARN_UNREACHABLE_CODE = YES;
				CLANG_WARN__DUPLICATE_METHOD_MATCH = YES;
				COPY_PHASE_STRIP = NO;
				DEBUG_INFORMATION_FORMAT = dwarf;
				ENABLE_STRICT_OBJC_MSGSEND = YES;
				ENABLE_TESTABILITY = YES;
				GCC_C_LANGUAGE_STANDARD = gnu11;
				GCC_DYNAMIC_NO_PIC = NO;
				GCC_NO_COMMON_BLOCKS = YES;
				GCC_OPTIMIZATION_LEVEL = 0;
				GCC_PREPROCESSOR_DEFINITIONS = (
					"DEBUG=1",
					"$(inherited)",
				);
				GCC_WARN_64_TO_32_BIT_CONVERSION = YES;
				GCC_WARN_ABOUT_RETURN_TYPE = YES_ERROR;
				GCC_WARN_UNDECLARED_SELECTOR = YES;
				GCC_WARN_UNINITIALIZED_AUTOS = YES_AGGRESSIVE;
				GCC_WARN_UNUSED_FUNCTION = YES;
				GCC_WARN_UNUSED_VARIABLE = YES;
				IPHONEOS_DEPLOYMENT_TARGET = 16.4;
				MTL_ENABLE_DEBUG_INFO = INCLUDE_SOURCE;
				MTL_FAST_MATH = YES;
				ONLY_ACTIVE_ARCH = YES;
				SDKROOT = iphoneos;
			};
			name = Debug;
		};
		01D8ADDF2A78A94000F35202 /* Release */ = {
			isa = XCBuildConfiguration;
			buildSettings = {
				ALWAYS_SEARCH_USER_PATHS = NO;
				CLANG_ANALYZER_NONNULL = YES;
				CLANG_ANALYZER_NUMBER_OBJECT_CONVERSION = YES_AGGRESSIVE;
				CLANG_CXX_LANGUAGE_STANDARD = "gnu++20";
				CLANG_ENABLE_MODULES = YES;
				CLANG_ENABLE_OBJC_ARC = YES;
				CLANG_ENABLE_OBJC_WEAK = YES;
				CLANG_WARN_BLOCK_CAPTURE_AUTORELEASING = YES;
				CLANG_WARN_BOOL_CONVERSION = YES;
				CLANG_WARN_COMMA = YES;
				CLANG_WARN_CONSTANT_CONVERSION = YES;
				CLANG_WARN_DEPRECATED_OBJC_IMPLEMENTATIONS = YES;
				CLANG_WARN_DIRECT_OBJC_ISA_USAGE = YES_ERROR;
				CLANG_WARN_DOCUMENTATION_COMMENTS = YES;
				CLANG_WARN_EMPTY_BODY = YES;
				CLANG_WARN_ENUM_CONVERSION = YES;
				CLANG_WARN_INFINITE_RECURSION = YES;
				CLANG_WARN_INT_CONVERSION = YES;
				CLANG_WARN_NON_LITERAL_NULL_CONVERSION = YES;
				CLANG_WARN_OBJC_IMPLICIT_RETAIN_SELF = YES;
				CLANG_WARN_OBJC_LITERAL_CONVERSION = YES;
				CLANG_WARN_OBJC_ROOT_CLASS = YES_ERROR;
				CLANG_WARN_QUOTED_INCLUDE_IN_FRAMEWORK_HEADER = YES;
				CLANG_WARN_RANGE_LOOP_ANALYSIS = YES;
				CLANG_WARN_STRICT_PROTOTYPES = YES;
				CLANG_WARN_SUSPICIOUS_MOVE = YES;
				CLANG_WARN_UNGUARDED_AVAILABILITY = YES_AGGRESSIVE;
				CLANG_WARN_UNREACHABLE_CODE = YES;
				CLANG_WARN__DUPLICATE_METHOD_MATCH = YES;
				COPY_PHASE_STRIP = NO;
				DEBUG_INFORMATION_FORMAT = "dwarf-with-dsym";
				ENABLE_NS_ASSERTIONS = NO;
				ENABLE_STRICT_OBJC_MSGSEND = YES;
				GCC_C_LANGUAGE_STANDARD = gnu11;
				GCC_NO_COMMON_BLOCKS = YES;
				GCC_WARN_64_TO_32_BIT_CONVERSION = YES;
				GCC_WARN_ABOUT_RETURN_TYPE = YES_ERROR;
				GCC_WARN_UNDECLARED_SELECTOR = YES;
				GCC_WARN_UNINITIALIZED_AUTOS = YES_AGGRESSIVE;
				GCC_WARN_UNUSED_FUNCTION = YES;
				GCC_WARN_UNUSED_VARIABLE = YES;
				IPHONEOS_DEPLOYMENT_TARGET = 16.4;
				MTL_ENABLE_DEBUG_INFO = NO;
				MTL_FAST_MATH = YES;
				SDKROOT = iphoneos;
				VALIDATE_PRODUCT = YES;
			};
			name = Release;
		};
		01D8ADE12A78A94000F35202 /* Debug */ = {
			isa = XCBuildConfiguration;
			baseConfigurationReference = 13CE948CA45F1216784F1B75 /* Pods-PNNetManager.debug.xcconfig */;
			buildSettings = {
				ASSETCATALOG_COMPILER_APPICON_NAME = AppIcon;
				ASSETCATALOG_COMPILER_GLOBAL_ACCENT_COLOR_NAME = AccentColor;
				CODE_SIGN_STYLE = Automatic;
				CURRENT_PROJECT_VERSION = 1;
				GENERATE_INFOPLIST_FILE = YES;
				INFOPLIST_FILE = PNNetManager/Info.plist;
				INFOPLIST_KEY_UIApplicationSupportsIndirectInputEvents = YES;
				INFOPLIST_KEY_UILaunchStoryboardName = LaunchScreen;
				INFOPLIST_KEY_UIMainStoryboardFile = Main;
				INFOPLIST_KEY_UIRequiresFullScreen = YES;
				INFOPLIST_KEY_UISupportedInterfaceOrientations = "UIInterfaceOrientationLandscapeLeft UIInterfaceOrientationLandscapeRight UIInterfaceOrientationPortrait";
				IPHONEOS_DEPLOYMENT_TARGET = 12.0;
				LD_RUNPATH_SEARCH_PATHS = (
					"$(inherited)",
					"@executable_path/Frameworks",
				);
				MARKETING_VERSION = 1.0;
				PRODUCT_BUNDLE_IDENTIFIER = WhiteWhaleTech.PNNetManager;
				PRODUCT_NAME = "$(TARGET_NAME)";
				SWIFT_EMIT_LOC_STRINGS = YES;
				TARGETED_DEVICE_FAMILY = "1,2";
			};
			name = Debug;
		};
		01D8ADE22A78A94000F35202 /* Release */ = {
			isa = XCBuildConfiguration;
			baseConfigurationReference = 24365F8024E5EAA67674CEB8 /* Pods-PNNetManager.release.xcconfig */;
			buildSettings = {
				ASSETCATALOG_COMPILER_APPICON_NAME = AppIcon;
				ASSETCATALOG_COMPILER_GLOBAL_ACCENT_COLOR_NAME = AccentColor;
				CODE_SIGN_STYLE = Automatic;
				CURRENT_PROJECT_VERSION = 1;
				GENERATE_INFOPLIST_FILE = YES;
				INFOPLIST_FILE = PNNetManager/Info.plist;
				INFOPLIST_KEY_UIApplicationSupportsIndirectInputEvents = YES;
				INFOPLIST_KEY_UILaunchStoryboardName = LaunchScreen;
				INFOPLIST_KEY_UIMainStoryboardFile = Main;
				INFOPLIST_KEY_UIRequiresFullScreen = YES;
				INFOPLIST_KEY_UISupportedInterfaceOrientations = "UIInterfaceOrientationLandscapeLeft UIInterfaceOrientationLandscapeRight UIInterfaceOrientationPortrait";
				IPHONEOS_DEPLOYMENT_TARGET = 12.0;
				LD_RUNPATH_SEARCH_PATHS = (
					"$(inherited)",
					"@executable_path/Frameworks",
				);
				MARKETING_VERSION = 1.0;
				PRODUCT_BUNDLE_IDENTIFIER = WhiteWhaleTech.PNNetManager;
				PRODUCT_NAME = "$(TARGET_NAME)";
				SWIFT_EMIT_LOC_STRINGS = YES;
				TARGETED_DEVICE_FAMILY = "1,2";
			};
			name = Release;
		};
/* End XCBuildConfiguration section */

/* Begin XCConfigurationList section */
		01D8ADC22A78A93E00F35202 /* Build configuration list for PBXProject "PNNetManager" */ = {
			isa = XCConfigurationList;
			buildConfigurations = (
				01D8ADDE2A78A94000F35202 /* Debug */,
				01D8ADDF2A78A94000F35202 /* Release */,
			);
			defaultConfigurationIsVisible = 0;
			defaultConfigurationName = Release;
		};
		01D8ADE02A78A94000F35202 /* Build configuration list for PBXNativeTarget "PNNetManager" */ = {
			isa = XCConfigurationList;
			buildConfigurations = (
				01D8ADE12A78A94000F35202 /* Debug */,
				01D8ADE22A78A94000F35202 /* Release */,
			);
			defaultConfigurationIsVisible = 0;
			defaultConfigurationName = Release;
		};
/* End XCConfigurationList section */
	};
	rootObject = 01D8ADBF2A78A93E00F35202 /* Project object */;
}
